
Microsoft Visual Studio Solution File, Format Version 12.00
# Visual Studio Version 17
VisualStudioVersion = 17.2.32526.322
MinimumVisualStudioVersion = 10.0.40219.1
Project("{9A19103F-16F7-4668-BE54-9A1E7A4F7556}") = "CampFifthDay", "CampFifthDay\CampFifthDay.csproj", "{73C31D27-21A3-467F-8D1E-7F0F2607BB0C}"
EndProject
Project("{FAE04EC0-301F-11D3-BF4B-00C04F79EFBC}") = "OOP3", "OOP3\OOP3.csproj", "{5BC76EE4-0F40-43A4-AA2D-FEE7EFF68225}"
EndProject
Global
	GlobalSection(SolutionConfigurationPlatforms) = preSolution
		Debug|Any CPU = Debug|Any CPU
		Release|Any CPU = Release|Any CPU
	EndGlobalSection
	GlobalSection(ProjectConfigurationPlatforms) = postSolution
		{73C31D27-21A3-467F-8D1E-7F0F2607BB0C}.Debug|Any CPU.ActiveCfg = Debug|Any CPU
		{73C31D27-21A3-467F-8D1E-7F0F2607BB0C}.Debug|Any CPU.Build.0 = Debug|Any CPU
		{73C31D27-21A3-467F-8D1E-7F0F2607BB0C}.Release|Any CPU.ActiveCfg = Release|Any CPU
		{73C31D27-21A3-467F-8D1E-7F0F2607BB0C}.Release|Any CPU.Build.0 = Release|Any CPU
		{5BC76EE4-0F40-43A4-AA2D-FEE7EFF68225}.Debug|Any CPU.ActiveCfg = Debug|Any CPU
		{5BC76EE4-0F40-43A4-AA2D-FEE7EFF68225}.Debug|Any CPU.Build.0 = Debug|Any CPU
		{5BC76EE4-0F40-43A4-AA2D-FEE7EFF68225}.Release|Any CPU.ActiveCfg = Release|Any CPU
		{5BC76EE4-0F40-43A4-AA2D-FEE7EFF68225}.Release|Any CPU.Build.0 = Release|Any CPU
	EndGlobalSection
	GlobalSection(SolutionProperties) = preSolution
		HideSolutionNode = FALSE
	EndGlobalSection
	GlobalSection(ExtensibilityGlobals) = postSolution
		SolutionGuid = {F921AA42-95C2-470C-B985-8867B53E64D7}
	EndGlobalSection
EndGlobal
